// !$*UTF8*$!
{
	archiveVersion = 1;
	classes = {
	};
	objectVersion = 56;
	objects = {

/* Begin PBXBuildFile section */
		214D942C2950D175002AE17E /* HomepageViewController.swift in Sources */ = {isa = PBXBuildFile; fileRef = 214D942A2950D175002AE17E /* HomepageViewController.swift */; };
		214D942D2950D175002AE17E /* HomepageViewController.xib in Resources */ = {isa = PBXBuildFile; fileRef = 214D942B2950D175002AE17E /* HomepageViewController.xib */; };
		214D94302950D500002AE17E /* MachineListViewController.swift in Sources */ = {isa = PBXBuildFile; fileRef = 214D942E2950D4FF002AE17E /* MachineListViewController.swift */; };
		214D94312950D500002AE17E /* MachineListViewController.xib in Resources */ = {isa = PBXBuildFile; fileRef = 214D942F2950D4FF002AE17E /* MachineListViewController.xib */; };
		214D94342950D50F002AE17E /* CodeScannerViewController.swift in Sources */ = {isa = PBXBuildFile; fileRef = 214D94322950D50F002AE17E /* CodeScannerViewController.swift */; };
		214D94352950D50F002AE17E /* CodeScannerViewController.xib in Resources */ = {isa = PBXBuildFile; fileRef = 214D94332950D50F002AE17E /* CodeScannerViewController.xib */; };
		214D94382950E9C6002AE17E /* AddMachineViewController.swift in Sources */ = {isa = PBXBuildFile; fileRef = 214D94362950E9C6002AE17E /* AddMachineViewController.swift */; };
		214D94392950E9C6002AE17E /* AddMachineViewController.xib in Resources */ = {isa = PBXBuildFile; fileRef = 214D94372950E9C6002AE17E /* AddMachineViewController.xib */; };
		21BB47812950C7BA00191791 /* AppDelegate.swift in Sources */ = {isa = PBXBuildFile; fileRef = 21BB47802950C7BA00191791 /* AppDelegate.swift */; };
		21BB47832950C7BA00191791 /* SceneDelegate.swift in Sources */ = {isa = PBXBuildFile; fileRef = 21BB47822950C7BA00191791 /* SceneDelegate.swift */; };
		21BB478B2950C7BA00191791 /* ImageMachine.xcdatamodeld in Sources */ = {isa = PBXBuildFile; fileRef = 21BB47892950C7BA00191791 /* ImageMachine.xcdatamodeld */; };
		21BB478D2950C7BD00191791 /* Assets.xcassets in Resources */ = {isa = PBXBuildFile; fileRef = 21BB478C2950C7BD00191791 /* Assets.xcassets */; };
		21BB47902950C7BD00191791 /* LaunchScreen.storyboard in Resources */ = {isa = PBXBuildFile; fileRef = 21BB478E2950C7BD00191791 /* LaunchScreen.storyboard */; };
		21F3A32A29518F35002FE873 /* Machine.swift in Sources */ = {isa = PBXBuildFile; fileRef = 21F3A32929518F35002FE873 /* Machine.swift */; };
		21F3A32C29518F40002FE873 /* MachineProvider.swift in Sources */ = {isa = PBXBuildFile; fileRef = 21F3A32B29518F40002FE873 /* MachineProvider.swift */; };
		21F3A32F2951C168002FE873 /* AddMachineViewModels.swift in Sources */ = {isa = PBXBuildFile; fileRef = 21F3A32E2951C168002FE873 /* AddMachineViewModels.swift */; };
		21F3A3332951E967002FE873 /* ExtendedViewController.swift in Sources */ = {isa = PBXBuildFile; fileRef = 21F3A3322951E967002FE873 /* ExtendedViewController.swift */; };
		21F3A33529521DCB002FE873 /* MachineListViewModels.swift in Sources */ = {isa = PBXBuildFile; fileRef = 21F3A33429521DCB002FE873 /* MachineListViewModels.swift */; };
		21F3A33929522399002FE873 /* MachineTableViewCell.swift in Sources */ = {isa = PBXBuildFile; fileRef = 21F3A33729522398002FE873 /* MachineTableViewCell.swift */; };
		21F3A33A29522399002FE873 /* MachineTableViewCell.xib in Resources */ = {isa = PBXBuildFile; fileRef = 21F3A33829522398002FE873 /* MachineTableViewCell.xib */; };
		21F3A33E29522430002FE873 /* CellIdentifier.swift in Sources */ = {isa = PBXBuildFile; fileRef = 21F3A33D29522430002FE873 /* CellIdentifier.swift */; };
/* End PBXBuildFile section */

/* Begin PBXFileReference section */
		214D942A2950D175002AE17E /* HomepageViewController.swift */ = {isa = PBXFileReference; lastKnownFileType = sourcecode.swift; path = HomepageViewController.swift; sourceTree = "<group>"; };
		214D942B2950D175002AE17E /* HomepageViewController.xib */ = {isa = PBXFileReference; lastKnownFileType = file.xib; path = HomepageViewController.xib; sourceTree = "<group>"; };
		214D942E2950D4FF002AE17E /* MachineListViewController.swift */ = {isa = PBXFileReference; lastKnownFileType = sourcecode.swift; path = MachineListViewController.swift; sourceTree = "<group>"; };
		214D942F2950D4FF002AE17E /* MachineListViewController.xib */ = {isa = PBXFileReference; lastKnownFileType = file.xib; path = MachineListViewController.xib; sourceTree = "<group>"; };
		214D94322950D50F002AE17E /* CodeScannerViewController.swift */ = {isa = PBXFileReference; lastKnownFileType = sourcecode.swift; path = CodeScannerViewController.swift; sourceTree = "<group>"; };
		214D94332950D50F002AE17E /* CodeScannerViewController.xib */ = {isa = PBXFileReference; lastKnownFileType = file.xib; path = CodeScannerViewController.xib; sourceTree = "<group>"; };
		214D94362950E9C6002AE17E /* AddMachineViewController.swift */ = {isa = PBXFileReference; lastKnownFileType = sourcecode.swift; path = AddMachineViewController.swift; sourceTree = "<group>"; };
		214D94372950E9C6002AE17E /* AddMachineViewController.xib */ = {isa = PBXFileReference; lastKnownFileType = file.xib; path = AddMachineViewController.xib; sourceTree = "<group>"; };
		21BB477D2950C7BA00191791 /* ImageMachine.app */ = {isa = PBXFileReference; explicitFileType = wrapper.application; includeInIndex = 0; path = ImageMachine.app; sourceTree = BUILT_PRODUCTS_DIR; };
		21BB47802950C7BA00191791 /* AppDelegate.swift */ = {isa = PBXFileReference; lastKnownFileType = sourcecode.swift; path = AppDelegate.swift; sourceTree = "<group>"; };
		21BB47822950C7BA00191791 /* SceneDelegate.swift */ = {isa = PBXFileReference; lastKnownFileType = sourcecode.swift; path = SceneDelegate.swift; sourceTree = "<group>"; };
		21BB478A2950C7BA00191791 /* ImageMachine.xcdatamodel */ = {isa = PBXFileReference; lastKnownFileType = wrapper.xcdatamodel; path = ImageMachine.xcdatamodel; sourceTree = "<group>"; };
		21BB478C2950C7BD00191791 /* Assets.xcassets */ = {isa = PBXFileReference; lastKnownFileType = folder.assetcatalog; path = Assets.xcassets; sourceTree = "<group>"; };
		21BB478F2950C7BD00191791 /* Base */ = {isa = PBXFileReference; lastKnownFileType = file.storyboard; name = Base; path = Base.lproj/LaunchScreen.storyboard; sourceTree = "<group>"; };
		21BB47912950C7BD00191791 /* Info.plist */ = {isa = PBXFileReference; lastKnownFileType = text.plist.xml; path = Info.plist; sourceTree = "<group>"; };
		21F3A32929518F35002FE873 /* Machine.swift */ = {isa = PBXFileReference; lastKnownFileType = sourcecode.swift; path = Machine.swift; sourceTree = "<group>"; };
		21F3A32B29518F40002FE873 /* MachineProvider.swift */ = {isa = PBXFileReference; lastKnownFileType = sourcecode.swift; path = MachineProvider.swift; sourceTree = "<group>"; };
		21F3A32E2951C168002FE873 /* AddMachineViewModels.swift */ = {isa = PBXFileReference; lastKnownFileType = sourcecode.swift; path = AddMachineViewModels.swift; sourceTree = "<group>"; };
		21F3A3322951E967002FE873 /* ExtendedViewController.swift */ = {isa = PBXFileReference; lastKnownFileType = sourcecode.swift; path = ExtendedViewController.swift; sourceTree = "<group>"; };
		21F3A33429521DCB002FE873 /* MachineListViewModels.swift */ = {isa = PBXFileReference; lastKnownFileType = sourcecode.swift; path = MachineListViewModels.swift; sourceTree = "<group>"; };
		21F3A33729522398002FE873 /* MachineTableViewCell.swift */ = {isa = PBXFileReference; lastKnownFileType = sourcecode.swift; path = MachineTableViewCell.swift; sourceTree = "<group>"; };
		21F3A33829522398002FE873 /* MachineTableViewCell.xib */ = {isa = PBXFileReference; lastKnownFileType = file.xib; path = MachineTableViewCell.xib; sourceTree = "<group>"; };
		21F3A33D29522430002FE873 /* CellIdentifier.swift */ = {isa = PBXFileReference; lastKnownFileType = sourcecode.swift; path = CellIdentifier.swift; sourceTree = "<group>"; };
/* End PBXFileReference section */

/* Begin PBXFrameworksBuildPhase section */
		21BB477A2950C7BA00191791 /* Frameworks */ = {
			isa = PBXFrameworksBuildPhase;
			buildActionMask = 2147483647;
			files = (
			);
			runOnlyForDeploymentPostprocessing = 0;
		};
/* End PBXFrameworksBuildPhase section */

/* Begin PBXGroup section */
		214D94292950D15E002AE17E /* Views */ = {
			isa = PBXGroup;
			children = (
				21F3A33629522309002FE873 /* TableViewCells */,
				214D942A2950D175002AE17E /* HomepageViewController.swift */,
				214D942B2950D175002AE17E /* HomepageViewController.xib */,
				214D942E2950D4FF002AE17E /* MachineListViewController.swift */,
				214D942F2950D4FF002AE17E /* MachineListViewController.xib */,
				214D94322950D50F002AE17E /* CodeScannerViewController.swift */,
				214D94332950D50F002AE17E /* CodeScannerViewController.xib */,
				214D94362950E9C6002AE17E /* AddMachineViewController.swift */,
				214D94372950E9C6002AE17E /* AddMachineViewController.xib */,
			);
			path = Views;
			sourceTree = "<group>";
		};
		21BB47742950C7BA00191791 = {
			isa = PBXGroup;
			children = (
				21BB477F2950C7BA00191791 /* ImageMachine */,
				21BB477E2950C7BA00191791 /* Products */,
			);
			sourceTree = "<group>";
		};
		21BB477E2950C7BA00191791 /* Products */ = {
			isa = PBXGroup;
			children = (
				21BB477D2950C7BA00191791 /* ImageMachine.app */,
			);
			name = Products;
			sourceTree = "<group>";
		};
		21BB477F2950C7BA00191791 /* ImageMachine */ = {
			isa = PBXGroup;
			children = (
				21F3A3312951E94B002FE873 /* Extensions */,
				21F3A32D2951C152002FE873 /* ViewModels */,
				21F3A32829518F18002FE873 /* Models */,
				214D94292950D15E002AE17E /* Views */,
				21BB47802950C7BA00191791 /* AppDelegate.swift */,
				21BB47822950C7BA00191791 /* SceneDelegate.swift */,
				21BB478C2950C7BD00191791 /* Assets.xcassets */,
				21BB478E2950C7BD00191791 /* LaunchScreen.storyboard */,
				21BB47912950C7BD00191791 /* Info.plist */,
				21BB47892950C7BA00191791 /* ImageMachine.xcdatamodeld */,
			);
			path = ImageMachine;
			sourceTree = "<group>";
		};
		21F3A32829518F18002FE873 /* Models */ = {
			isa = PBXGroup;
			children = (
				21F3A32929518F35002FE873 /* Machine.swift */,
				21F3A32B29518F40002FE873 /* MachineProvider.swift */,
				21F3A33D29522430002FE873 /* CellIdentifier.swift */,
			);
			path = Models;
			sourceTree = "<group>";
		};
		21F3A32D2951C152002FE873 /* ViewModels */ = {
			isa = PBXGroup;
			children = (
				21F3A32E2951C168002FE873 /* AddMachineViewModels.swift */,
				21F3A33429521DCB002FE873 /* MachineListViewModels.swift */,
			);
			path = ViewModels;
			sourceTree = "<group>";
		};
		21F3A3312951E94B002FE873 /* Extensions */ = {
			isa = PBXGroup;
			children = (
				21F3A3322951E967002FE873 /* ExtendedViewController.swift */,
			);
			path = Extensions;
			sourceTree = "<group>";
		};
		21F3A33629522309002FE873 /* TableViewCells */ = {
			isa = PBXGroup;
			children = (
				21F3A33729522398002FE873 /* MachineTableViewCell.swift */,
				21F3A33829522398002FE873 /* MachineTableViewCell.xib */,
			);
			path = TableViewCells;
			sourceTree = "<group>";
		};
/* End PBXGroup section */

/* Begin PBXNativeTarget section */
		21BB477C2950C7BA00191791 /* ImageMachine */ = {
			isa = PBXNativeTarget;
			buildConfigurationList = 21BB47942950C7BD00191791 /* Build configuration list for PBXNativeTarget "ImageMachine" */;
			buildPhases = (
				21BB47792950C7BA00191791 /* Sources */,
				21BB477A2950C7BA00191791 /* Frameworks */,
				21BB477B2950C7BA00191791 /* Resources */,
			);
			buildRules = (
			);
			dependencies = (
			);
			name = ImageMachine;
			productName = ImageMachine;
			productReference = 21BB477D2950C7BA00191791 /* ImageMachine.app */;
			productType = "com.apple.product-type.application";
		};
/* End PBXNativeTarget section */

/* Begin PBXProject section */
		21BB47752950C7BA00191791 /* Project object */ = {
			isa = PBXProject;
			attributes = {
				BuildIndependentTargetsInParallel = 1;
				LastSwiftUpdateCheck = 1410;
				LastUpgradeCheck = 1410;
				TargetAttributes = {
					21BB477C2950C7BA00191791 = {
						CreatedOnToolsVersion = 14.1;
					};
				};
			};
			buildConfigurationList = 21BB47782950C7BA00191791 /* Build configuration list for PBXProject "ImageMachine" */;
			compatibilityVersion = "Xcode 14.0";
			developmentRegion = en;
			hasScannedForEncodings = 0;
			knownRegions = (
				en,
				Base,
			);
			mainGroup = 21BB47742950C7BA00191791;
			productRefGroup = 21BB477E2950C7BA00191791 /* Products */;
			projectDirPath = "";
			projectRoot = "";
			targets = (
				21BB477C2950C7BA00191791 /* ImageMachine */,
			);
		};
/* End PBXProject section */

/* Begin PBXResourcesBuildPhase section */
		21BB477B2950C7BA00191791 /* Resources */ = {
			isa = PBXResourcesBuildPhase;
			buildActionMask = 2147483647;
			files = (
				214D942D2950D175002AE17E /* HomepageViewController.xib in Resources */,
				21BB47902950C7BD00191791 /* LaunchScreen.storyboard in Resources */,
				214D94392950E9C6002AE17E /* AddMachineViewController.xib in Resources */,
				214D94312950D500002AE17E /* MachineListViewController.xib in Resources */,
				214D94352950D50F002AE17E /* CodeScannerViewController.xib in Resources */,
				21F3A33A29522399002FE873 /* MachineTableViewCell.xib in Resources */,
				21BB478D2950C7BD00191791 /* Assets.xcassets in Resources */,
			);
			runOnlyForDeploymentPostprocessing = 0;
		};
/* End PBXResourcesBuildPhase section */

/* Begin PBXSourcesBuildPhase section */
		21BB47792950C7BA00191791 /* Sources */ = {
			isa = PBXSourcesBuildPhase;
			buildActionMask = 2147483647;
			files = (
				21BB478B2950C7BA00191791 /* ImageMachine.xcdatamodeld in Sources */,
				214D94342950D50F002AE17E /* CodeScannerViewController.swift in Sources */,
				21F3A33E29522430002FE873 /* CellIdentifier.swift in Sources */,
				214D94302950D500002AE17E /* MachineListViewController.swift in Sources */,
				21BB47812950C7BA00191791 /* AppDelegate.swift in Sources */,
				21F3A32F2951C168002FE873 /* AddMachineViewModels.swift in Sources */,
				21BB47832950C7BA00191791 /* SceneDelegate.swift in Sources */,
				21F3A33929522399002FE873 /* MachineTableViewCell.swift in Sources */,
				21F3A33529521DCB002FE873 /* MachineListViewModels.swift in Sources */,
				21F3A3332951E967002FE873 /* ExtendedViewController.swift in Sources */,
				21F3A32C29518F40002FE873 /* MachineProvider.swift in Sources */,
				214D94382950E9C6002AE17E /* AddMachineViewController.swift in Sources */,
				214D942C2950D175002AE17E /* HomepageViewController.swift in Sources */,
				21F3A32A29518F35002FE873 /* Machine.swift in Sources */,
			);
			runOnlyForDeploymentPostprocessing = 0;
		};
/* End PBXSourcesBuildPhase section */

/* Begin PBXVariantGroup section */
		21BB478E2950C7BD00191791 /* LaunchScreen.storyboard */ = {
			isa = PBXVariantGroup;
			children = (
				21BB478F2950C7BD00191791 /* Base */,
			);
			name = LaunchScreen.storyboard;
			sourceTree = "<group>";
		};
/* End PBXVariantGroup section */

/* Begin XCBuildConfiguration section */
		21BB47922950C7BD00191791 /* Debug */ = {
			isa = XCBuildConfiguration;
			buildSettings = {
				ALWAYS_SEARCH_USER_PATHS = NO;
				CLANG_ANALYZER_NONNULL = YES;
				CLANG_ANALYZER_NUMBER_OBJECT_CONVERSION = YES_AGGRESSIVE;
				CLANG_CXX_LANGUAGE_STANDARD = "gnu++20";
				CLANG_ENABLE_MODULES = YES;
				CLANG_ENABLE_OBJC_ARC = YES;
				CLANG_ENABLE_OBJC_WEAK = YES;
				CLANG_WARN_BLOCK_CAPTURE_AUTORELEASING = YES;
				CLANG_WARN_BOOL_CONVERSION = YES;
				CLANG_WARN_COMMA = YES;
				CLANG_WARN_CONSTANT_CONVERSION = YES;
				CLANG_WARN_DEPRECATED_OBJC_IMPLEMENTATIONS = YES;
				CLANG_WARN_DIRECT_OBJC_ISA_USAGE = YES_ERROR;
				CLANG_WARN_DOCUMENTATION_COMMENTS = YES;
				CLANG_WARN_EMPTY_BODY = YES;
				CLANG_WARN_ENUM_CONVERSION = YES;
				CLANG_WARN_INFINITE_RECURSION = YES;
				CLANG_WARN_INT_CONVERSION = YES;
				CLANG_WARN_NON_LITERAL_NULL_CONVERSION = YES;
				CLANG_WARN_OBJC_IMPLICIT_RETAIN_SELF = YES;
				CLANG_WARN_OBJC_LITERAL_CONVERSION = YES;
				CLANG_WARN_OBJC_ROOT_CLASS = YES_ERROR;
				CLANG_WARN_QUOTED_INCLUDE_IN_FRAMEWORK_HEADER = YES;
				CLANG_WARN_RANGE_LOOP_ANALYSIS = YES;
				CLANG_WARN_STRICT_PROTOTYPES = YES;
				CLANG_WARN_SUSPICIOUS_MOVE = YES;
				CLANG_WARN_UNGUARDED_AVAILABILITY = YES_AGGRESSIVE;
				CLANG_WARN_UNREACHABLE_CODE = YES;
				CLANG_WARN__DUPLICATE_METHOD_MATCH = YES;
				COPY_PHASE_STRIP = NO;
				DEBUG_INFORMATION_FORMAT = dwarf;
				ENABLE_STRICT_OBJC_MSGSEND = YES;
				ENABLE_TESTABILITY = YES;
				GCC_C_LANGUAGE_STANDARD = gnu11;
				GCC_DYNAMIC_NO_PIC = NO;
				GCC_NO_COMMON_BLOCKS = YES;
				GCC_OPTIMIZATION_LEVEL = 0;
				GCC_PREPROCESSOR_DEFINITIONS = (
					"DEBUG=1",
					"$(inherited)",
				);
				GCC_WARN_64_TO_32_BIT_CONVERSION = YES;
				GCC_WARN_ABOUT_RETURN_TYPE = YES_ERROR;
				GCC_WARN_UNDECLARED_SELECTOR = YES;
				GCC_WARN_UNINITIALIZED_AUTOS = YES_AGGRESSIVE;
				GCC_WARN_UNUSED_FUNCTION = YES;
				GCC_WARN_UNUSED_VARIABLE = YES;
				IPHONEOS_DEPLOYMENT_TARGET = 16.1;
				MTL_ENABLE_DEBUG_INFO = INCLUDE_SOURCE;
				MTL_FAST_MATH = YES;
				ONLY_ACTIVE_ARCH = YES;
				SDKROOT = iphoneos;
				SWIFT_ACTIVE_COMPILATION_CONDITIONS = DEBUG;
				SWIFT_OPTIMIZATION_LEVEL = "-Onone";
			};
			name = Debug;
		};
		21BB47932950C7BD00191791 /* Release */ = {
			isa = XCBuildConfiguration;
			buildSettings = {
				ALWAYS_SEARCH_USER_PATHS = NO;
				CLANG_ANALYZER_NONNULL = YES;
				CLANG_ANALYZER_NUMBER_OBJECT_CONVERSION = YES_AGGRESSIVE;
				CLANG_CXX_LANGUAGE_STANDARD = "gnu++20";
				CLANG_ENABLE_MODULES = YES;
				CLANG_ENABLE_OBJC_ARC = YES;
				CLANG_ENABLE_OBJC_WEAK = YES;
				CLANG_WARN_BLOCK_CAPTURE_AUTORELEASING = YES;
				CLANG_WARN_BOOL_CONVERSION = YES;
				CLANG_WARN_COMMA = YES;
				CLANG_WARN_CONSTANT_CONVERSION = YES;
				CLANG_WARN_DEPRECATED_OBJC_IMPLEMENTATIONS = YES;
				CLANG_WARN_DIRECT_OBJC_ISA_USAGE = YES_ERROR;
				CLANG_WARN_DOCUMENTATION_COMMENTS = YES;
				CLANG_WARN_EMPTY_BODY = YES;
				CLANG_WARN_ENUM_CONVERSION = YES;
				CLANG_WARN_INFINITE_RECURSION = YES;
				CLANG_WARN_INT_CONVERSION = YES;
				CLANG_WARN_NON_LITERAL_NULL_CONVERSION = YES;
				CLANG_WARN_OBJC_IMPLICIT_RETAIN_SELF = YES;
				CLANG_WARN_OBJC_LITERAL_CONVERSION = YES;
				CLANG_WARN_OBJC_ROOT_CLASS = YES_ERROR;
				CLANG_WARN_QUOTED_INCLUDE_IN_FRAMEWORK_HEADER = YES;
				CLANG_WARN_RANGE_LOOP_ANALYSIS = YES;
				CLANG_WARN_STRICT_PROTOTYPES = YES;
				CLANG_WARN_SUSPICIOUS_MOVE = YES;
				CLANG_WARN_UNGUARDED_AVAILABILITY = YES_AGGRESSIVE;
				CLANG_WARN_UNREACHABLE_CODE = YES;
				CLANG_WARN__DUPLICATE_METHOD_MATCH = YES;
				COPY_PHASE_STRIP = NO;
				DEBUG_INFORMATION_FORMAT = "dwarf-with-dsym";
				ENABLE_NS_ASSERTIONS = NO;
				ENABLE_STRICT_OBJC_MSGSEND = YES;
				GCC_C_LANGUAGE_STANDARD = gnu11;
				GCC_NO_COMMON_BLOCKS = YES;
				GCC_WARN_64_TO_32_BIT_CONVERSION = YES;
				GCC_WARN_ABOUT_RETURN_TYPE = YES_ERROR;
				GCC_WARN_UNDECLARED_SELECTOR = YES;
				GCC_WARN_UNINITIALIZED_AUTOS = YES_AGGRESSIVE;
				GCC_WARN_UNUSED_FUNCTION = YES;
				GCC_WARN_UNUSED_VARIABLE = YES;
				IPHONEOS_DEPLOYMENT_TARGET = 16.1;
				MTL_ENABLE_DEBUG_INFO = NO;
				MTL_FAST_MATH = YES;
				SDKROOT = iphoneos;
				SWIFT_COMPILATION_MODE = wholemodule;
				SWIFT_OPTIMIZATION_LEVEL = "-O";
				VALIDATE_PRODUCT = YES;
			};
			name = Release;
		};
		21BB47952950C7BD00191791 /* Debug */ = {
			isa = XCBuildConfiguration;
			buildSettings = {
				ASSETCATALOG_COMPILER_APPICON_NAME = AppIcon;
				ASSETCATALOG_COMPILER_GLOBAL_ACCENT_COLOR_NAME = AccentColor;
				CODE_SIGN_STYLE = Automatic;
				CURRENT_PROJECT_VERSION = 1;
				DEVELOPMENT_TEAM = TPU4US8598;
				GENERATE_INFOPLIST_FILE = YES;
				INFOPLIST_FILE = ImageMachine/Info.plist;
				INFOPLIST_KEY_UIApplicationSupportsIndirectInputEvents = YES;
				INFOPLIST_KEY_UILaunchStoryboardName = LaunchScreen;
				INFOPLIST_KEY_UIMainStoryboardFile = "";
				INFOPLIST_KEY_UISupportedInterfaceOrientations_iPad = "UIInterfaceOrientationPortrait UIInterfaceOrientationPortraitUpsideDown UIInterfaceOrientationLandscapeLeft UIInterfaceOrientationLandscapeRight";
				INFOPLIST_KEY_UISupportedInterfaceOrientations_iPhone = "UIInterfaceOrientationPortrait UIInterfaceOrientationLandscapeLeft UIInterfaceOrientationLandscapeRight";
				LD_RUNPATH_SEARCH_PATHS = (
					"$(inherited)",
					"@executable_path/Frameworks",
				);
				MARKETING_VERSION = 1.0;
				PRODUCT_BUNDLE_IDENTIFIER = com.seton.ysae.igoy.ios.ImageMachine;
				PRODUCT_NAME = "$(TARGET_NAME)";
				SWIFT_EMIT_LOC_STRINGS = YES;
				SWIFT_VERSION = 5.0;
				TARGETED_DEVICE_FAMILY = "1,2";
			};
			name = Debug;
		};
		21BB47962950C7BD00191791 /* Release */ = {
			isa = XCBuildConfiguration;
			buildSettings = {
				ASSETCATALOG_COMPILER_APPICON_NAME = AppIcon;
				ASSETCATALOG_COMPILER_GLOBAL_ACCENT_COLOR_NAME = AccentColor;
				CODE_SIGN_STYLE = Automatic;
				CURRENT_PROJECT_VERSION = 1;
				DEVELOPMENT_TEAM = TPU4US8598;
				GENERATE_INFOPLIST_FILE = YES;
				INFOPLIST_FILE = ImageMachine/Info.plist;
				INFOPLIST_KEY_UIApplicationSupportsIndirectInputEvents = YES;
				INFOPLIST_KEY_UILaunchStoryboardName = LaunchScreen;
				INFOPLIST_KEY_UIMainStoryboardFile = "";
				INFOPLIST_KEY_UISupportedInterfaceOrientations_iPad = "UIInterfaceOrientationPortrait UIInterfaceOrientationPortraitUpsideDown UIInterfaceOrientationLandscapeLeft UIInterfaceOrientationLandscapeRight";
				INFOPLIST_KEY_UISupportedInterfaceOrientations_iPhone = "UIInterfaceOrientationPortrait UIInterfaceOrientationLandscapeLeft UIInterfaceOrientationLandscapeRight";
				LD_RUNPATH_SEARCH_PATHS = (
					"$(inherited)",
					"@executable_path/Frameworks",
				);
				MARKETING_VERSION = 1.0;
				PRODUCT_BUNDLE_IDENTIFIER = com.seton.ysae.igoy.ios.ImageMachine;
				PRODUCT_NAME = "$(TARGET_NAME)";
				SWIFT_EMIT_LOC_STRINGS = YES;
				SWIFT_VERSION = 5.0;
				TARGETED_DEVICE_FAMILY = "1,2";
			};
			name = Release;
		};
/* End XCBuildConfiguration section */

/* Begin XCConfigurationList section */
		21BB47782950C7BA00191791 /* Build configuration list for PBXProject "ImageMachine" */ = {
			isa = XCConfigurationList;
			buildConfigurations = (
				21BB47922950C7BD00191791 /* Debug */,
				21BB47932950C7BD00191791 /* Release */,
			);
			defaultConfigurationIsVisible = 0;
			defaultConfigurationName = Release;
		};
		21BB47942950C7BD00191791 /* Build configuration list for PBXNativeTarget "ImageMachine" */ = {
			isa = XCConfigurationList;
			buildConfigurations = (
				21BB47952950C7BD00191791 /* Debug */,
				21BB47962950C7BD00191791 /* Release */,
			);
			defaultConfigurationIsVisible = 0;
			defaultConfigurationName = Release;
		};
/* End XCConfigurationList section */

/* Begin XCVersionGroup section */
		21BB47892950C7BA00191791 /* ImageMachine.xcdatamodeld */ = {
			isa = XCVersionGroup;
			children = (
				21BB478A2950C7BA00191791 /* ImageMachine.xcdatamodel */,
			);
			currentVersion = 21BB478A2950C7BA00191791 /* ImageMachine.xcdatamodel */;
			path = ImageMachine.xcdatamodeld;
			sourceTree = "<group>";
			versionGroupType = wrapper.xcdatamodel;
		};
/* End XCVersionGroup section */
	};
	rootObject = 21BB47752950C7BA00191791 /* Project object */;
}
